{
  "version": "3",
  "packages": {
    "specifiers": {
      "jsr:@db/sqlite@0.11": "jsr:@db/sqlite@0.11.1",
      "jsr:@denosaurs/plug@1": "jsr:@denosaurs/plug@1.0.6",
      "jsr:@std/assert@^0.217.0": "jsr:@std/assert@0.217.0",
      "jsr:@std/assert@^0.221.0": "jsr:@std/assert@0.221.0",
      "jsr:@std/encoding@^0.221.0": "jsr:@std/encoding@0.221.0",
      "jsr:@std/fmt@^0.221.0": "jsr:@std/fmt@0.221.0",
      "jsr:@std/fs@^0.221.0": "jsr:@std/fs@0.221.0",
      "jsr:@std/path@0.217": "jsr:@std/path@0.217.0",
      "jsr:@std/path@^0.221.0": "jsr:@std/path@0.221.0"
    },
    "jsr": {
      "@db/sqlite@0.11.1": {
        "integrity": "546434e7ed762db07e6ade0f963540dd5e06723b802937bf260ff855b21ef9c5",
        "dependencies": [
          "jsr:@denosaurs/plug@1",
          "jsr:@std/path@0.217"
        ]
      },
      "@denosaurs/plug@1.0.6": {
        "integrity": "6cf5b9daba7799837b9ffbe89f3450510f588fafef8115ddab1ff0be9cb7c1a7",
        "dependencies": [
          "jsr:@std/encoding@^0.221.0",
          "jsr:@std/fmt@^0.221.0",
          "jsr:@std/fs@^0.221.0",
          "jsr:@std/path@^0.221.0"
        ]
      },
      "@std/assert@0.217.0": {
        "integrity": "c98e279362ca6982d5285c3b89517b757c1e3477ee9f14eb2fdf80a45aaa9642"
      },
      "@std/assert@0.221.0": {
        "integrity": "a5f1aa6e7909dbea271754fd4ab3f4e687aeff4873b4cef9a320af813adb489a"
      },
      "@std/encoding@0.221.0": {
        "integrity": "d1dd76ef0dc5d14088411e6dc1dede53bf8308c95d1537df1214c97137208e45"
      },
      "@std/fmt@0.221.0": {
        "integrity": "379fed69bdd9731110f26b9085aeb740606b20428ce6af31ef6bd45ef8efa62a"
      },
      "@std/fs@0.221.0": {
        "integrity": "028044450299de8ed5a716ade4e6d524399f035513b85913794f4e81f07da286",
        "dependencies": [
          "jsr:@std/assert@^0.221.0",
          "jsr:@std/path@^0.221.0"
        ]
      },
      "@std/path@0.217.0": {
        "integrity": "1217cc25534bca9a2f672d7fe7c6f356e4027df400c0e85c0ef3e4343bc67d11",
        "dependencies": [
          "jsr:@std/assert@^0.217.0"
        ]
      },
      "@std/path@0.221.0": {
        "integrity": "0a36f6b17314ef653a3a1649740cc8db51b25a133ecfe838f20b79a56ebe0095",
        "dependencies": [
          "jsr:@std/assert@^0.221.0"
        ]
      }
    }
  },
  "redirects": {
    "https://deno.land/x/miftahdb/mod.ts": "https://deno.land/x/miftahdb@0.0.3/mod.ts",
    "https://deno.land/x/msgpack/mod.ts": "https://deno.land/x/msgpack@v1.4/mod.ts"
  },
  "remote": {
    "https://deno.land/x/miftahdb@0.0.3/mod.ts": "016b1cc0cf950a8a8ce9f8b9ae7f62c36b56c8541f51b16b2b1bb3d5ec0c2bba",
    "https://deno.land/x/miftahdb@0.0.3/src/encoding.ts": "4fcd72a8a1fba97970cd5a921c55ab9c2b78210527d3927ac4f5712f9ebca42d",
    "https://deno.land/x/miftahdb@0.0.3/src/miftahDB.ts": "1c68223e695aa1341bce27ab653603732813fb6462222e0fcff4d579f3d63ca3",
    "https://deno.land/x/miftahdb@0.0.3/src/statements.ts": "e16f0ce64862fbb90f82bf7f3bb1729ef0325ca5c6a8761e0f85558d98cdcc94",
    "https://deno.land/x/miftahdb@0.0.4/mod.ts": "016b1cc0cf950a8a8ce9f8b9ae7f62c36b56c8541f51b16b2b1bb3d5ec0c2bba",
    "https://deno.land/x/miftahdb@0.0.4/src/encoding.ts": "4fcd72a8a1fba97970cd5a921c55ab9c2b78210527d3927ac4f5712f9ebca42d",
    "https://deno.land/x/miftahdb@0.0.4/src/miftahDB.ts": "519fcb2b74b21563cd249d62d492173eeafae523cbc554f7a8e0804f56610eae",
    "https://deno.land/x/miftahdb@0.0.4/src/statements.ts": "9294979e7375ca68dae989f1b1b2d4183aafdeca43ef20f678b94a3e54048950",
    "https://deno.land/x/miftahdb@0.0.4/src/types.ts": "c0360dfbd013de0e370725fd8d833846b469f8800dbd65f1d3f3c3dca13a38ea",
    "https://deno.land/x/msgpack@v1.4/CachedKeyDecoder.ts": "c39b6f1572902ae08c0e4971f639e81031ac59403957fc43c6fb3c7fe69d99a1",
    "https://deno.land/x/msgpack@v1.4/Decoder.ts": "bdb68309cd51da2b9a897f269784c6d636796258838a97f25b0e1b399c6f369b",
    "https://deno.land/x/msgpack@v1.4/Encoder.ts": "4852bbacb30cd66eb2bd61a9e20476802458b991e13aacb5eb984d0348247ffe",
    "https://deno.land/x/msgpack@v1.4/ExtData.ts": "8d97fe43568e119a1eeb93e1ef1c431e0a24e392fb0c6ffed775aac1e579f244",
    "https://deno.land/x/msgpack@v1.4/ExtensionCodec.ts": "e8a24eb1786156239f589cc3058c8ff3d79ed393f420c40fdf7a93df943c91f2",
    "https://deno.land/x/msgpack@v1.4/context.ts": "6228de10854dbadf6aef096960af0115214078ec3784eca4565587769fde3d1c",
    "https://deno.land/x/msgpack@v1.4/decode.ts": "c808aeec46f6d0e5b28d0bbacd40e78d0a3614b229368c70db2e53c03f7555ca",
    "https://deno.land/x/msgpack@v1.4/decodeAsync.ts": "19e4f33ba0cc8d200b857deb9721bace863c0e89f7bff73e2b04379e4ee85bad",
    "https://deno.land/x/msgpack@v1.4/encode.ts": "c5598f8eec9efcbd0ef07f246ade049a8f4906703cdb601baf03b2774b293916",
    "https://deno.land/x/msgpack@v1.4/mod.ts": "c28290db26b1ea027e1798085fd6c8055685ea086f1418d54a33542b285633c9",
    "https://deno.land/x/msgpack@v1.4/timestamp.ts": "5169949efe39bc24f58cd5dcaae682cdf5353c762a54abf9ae6e18c8d9feb648",
    "https://deno.land/x/msgpack@v1.4/utils/int.ts": "b08743982f954d2dd7f4f11d868019576b63cb8147d8acc1bce3843f39398188",
    "https://deno.land/x/msgpack@v1.4/utils/prettyByte.ts": "35c8104d57ba2a727056beaf1063bbe941d512cdd23ce6b04d7c5b44dafcd46e",
    "https://deno.land/x/msgpack@v1.4/utils/stream.ts": "1315e29af5c1a40d97bfa6f1c4f7f73d26067b912236f56851981f2f049500b8",
    "https://deno.land/x/msgpack@v1.4/utils/typedArrays.ts": "bb819c2f28cf7f85ed50b2e57f108462715555cc61ce315e8134cf1eef2ae662",
    "https://deno.land/x/msgpack@v1.4/utils/utf8.ts": "93183055a7a41986080eeb711e83d553e7c8b121642da4379a5adf253b7beefd"
  },
  "workspace": {
    "dependencies": [
      "jsr:@std/assert@1"
    ]
  }
}
